
Microsoft Visual Studio Solution File, Format Version 12.00
# Visual Studio Version 16
VisualStudioVersion = 16.0.31911.196
MinimumVisualStudioVersion = 10.0.40219.1
Project("{9A19103F-16F7-4668-BE54-9A1E7A4F7556}") = "Day01", "Day01\Day01.csproj", "{85347CE9-7483-46A6-A86F-AC752DCC294C}"
EndProject
Project("{9A19103F-16F7-4668-BE54-9A1E7A4F7556}") = "Day02", "Day02\Day02.csproj", "{21F5F259-997A-4774-8ED1-685545B0DF76}"
EndProject
Project("{9A19103F-16F7-4668-BE54-9A1E7A4F7556}") = "Day03", "Day03\Day03.csproj", "{8BDEEF50-0C12-4C34-A118-A9EDA720A371}"
EndProject
Project("{9A19103F-16F7-4668-BE54-9A1E7A4F7556}") = "Day04", "Day04\Day04.csproj", "{D59589D8-6327-4CA7-AA14-03573ACDCCA4}"
EndProject
Project("{9A19103F-16F7-4668-BE54-9A1E7A4F7556}") = "Day05", "Day05\Day05.csproj", "{D79F92AC-60A9-411F-A727-B2913B56CEDE}"
EndProject
Project("{9A19103F-16F7-4668-BE54-9A1E7A4F7556}") = "Day06", "Day06\Day06.csproj", "{4A0EA1D5-5821-45C2-8C10-A7A1E1E0C670}"
EndProject
Project("{9A19103F-16F7-4668-BE54-9A1E7A4F7556}") = "Day07", "Day07\Day07.csproj", "{72B3622F-DFD9-4332-9F3B-2E2AB992F570}"
EndProject
Project("{9A19103F-16F7-4668-BE54-9A1E7A4F7556}") = "Day08", "Day08\Day08.csproj", "{83286412-D417-470B-BE3B-FEAFC48FCD85}"
EndProject
Project("{9A19103F-16F7-4668-BE54-9A1E7A4F7556}") = "Day09", "Day09\Day09.csproj", "{5016EDC4-40A7-4B73-8263-4B4925EEE8FC}"
EndProject
Project("{9A19103F-16F7-4668-BE54-9A1E7A4F7556}") = "Day10", "Day10\Day10.csproj", "{FE5FA35D-FB46-46A4-A712-603495F19F6A}"
EndProject
Project("{9A19103F-16F7-4668-BE54-9A1E7A4F7556}") = "Day11", "Day11\Day11.csproj", "{E48A8B7B-32B7-4FAB-8793-8FF64236F19B}"
EndProject
Project("{9A19103F-16F7-4668-BE54-9A1E7A4F7556}") = "Day12", "Day12\Day12.csproj", "{62DCE2D0-A6A0-4FBE-9798-EE49635499B7}"
EndProject
Project("{9A19103F-16F7-4668-BE54-9A1E7A4F7556}") = "Day13", "Day13\Day13.csproj", "{2CD09ED9-DD03-4C46-A957-C29E9BDF4364}"
EndProject
Project("{9A19103F-16F7-4668-BE54-9A1E7A4F7556}") = "Day14", "Day14\Day14.csproj", "{D42FA2D5-7FED-4A4A-B092-F96BA1C172DC}"
EndProject
Project("{9A19103F-16F7-4668-BE54-9A1E7A4F7556}") = "Day15", "Day15\Day15.csproj", "{A71FFB76-B8DE-469B-985E-B9410BE44903}"
EndProject
Project("{9A19103F-16F7-4668-BE54-9A1E7A4F7556}") = "Day16", "Day16\Day16.csproj", "{5E6F48FB-B235-4A26-B185-F489B84BEA70}"
EndProject
Project("{FAE04EC0-301F-11D3-BF4B-00C04F79EFBC}") = "Day17", "Day17\Day17.csproj", "{0F909073-9D8F-4853-A75C-80EA8F9A2DE9}"
EndProject
Project("{FAE04EC0-301F-11D3-BF4B-00C04F79EFBC}") = "Day18", "Day18\Day18.csproj", "{BB778D0D-7B30-403D-9C7C-F3EE098F3ADA}"
EndProject
Project("{FAE04EC0-301F-11D3-BF4B-00C04F79EFBC}") = "Day19", "Day19\Day19.csproj", "{BBEA7520-8036-478E-A0F6-3C60B212172A}"
EndProject
Project("{FAE04EC0-301F-11D3-BF4B-00C04F79EFBC}") = "Day20", "Day20\Day20.csproj", "{FA256725-10EE-4E6F-9F99-6E86FA87B586}"
EndProject
Project("{FAE04EC0-301F-11D3-BF4B-00C04F79EFBC}") = "Day21", "Day21\Day21.csproj", "{1E121A7B-F79E-485A-BB51-D6651F6811DE}"
EndProject
Project("{FAE04EC0-301F-11D3-BF4B-00C04F79EFBC}") = "Day22", "Day22\Day22.csproj", "{663C5A81-0D2F-43AB-8114-21BCC08CD535}"
EndProject
Project("{FAE04EC0-301F-11D3-BF4B-00C04F79EFBC}") = "Day23", "Day23\Day23.csproj", "{E597E82D-C525-4D98-AC58-F8C508F3CFEB}"
EndProject
Project("{FAE04EC0-301F-11D3-BF4B-00C04F79EFBC}") = "Day24", "Day24\Day24.csproj", "{6B71634A-CC3B-4A84-A941-18E73D486732}"
EndProject
Project("{FAE04EC0-301F-11D3-BF4B-00C04F79EFBC}") = "Day25", "Day25\Day25.csproj", "{A9EC979B-54F7-4BAA-AB1A-98283DAE9EB0}"
EndProject
Global
	GlobalSection(SolutionConfigurationPlatforms) = preSolution
		Debug|Any CPU = Debug|Any CPU
		Release|Any CPU = Release|Any CPU
	EndGlobalSection
	GlobalSection(ProjectConfigurationPlatforms) = postSolution
		{85347CE9-7483-46A6-A86F-AC752DCC294C}.Debug|Any CPU.ActiveCfg = Debug|Any CPU
		{85347CE9-7483-46A6-A86F-AC752DCC294C}.Debug|Any CPU.Build.0 = Debug|Any CPU
		{85347CE9-7483-46A6-A86F-AC752DCC294C}.Release|Any CPU.ActiveCfg = Release|Any CPU
		{85347CE9-7483-46A6-A86F-AC752DCC294C}.Release|Any CPU.Build.0 = Release|Any CPU
		{21F5F259-997A-4774-8ED1-685545B0DF76}.Debug|Any CPU.ActiveCfg = Debug|Any CPU
		{21F5F259-997A-4774-8ED1-685545B0DF76}.Debug|Any CPU.Build.0 = Debug|Any CPU
		{21F5F259-997A-4774-8ED1-685545B0DF76}.Release|Any CPU.ActiveCfg = Release|Any CPU
		{21F5F259-997A-4774-8ED1-685545B0DF76}.Release|Any CPU.Build.0 = Release|Any CPU
		{8BDEEF50-0C12-4C34-A118-A9EDA720A371}.Debug|Any CPU.ActiveCfg = Debug|Any CPU
		{8BDEEF50-0C12-4C34-A118-A9EDA720A371}.Debug|Any CPU.Build.0 = Debug|Any CPU
		{8BDEEF50-0C12-4C34-A118-A9EDA720A371}.Release|Any CPU.ActiveCfg = Release|Any CPU
		{8BDEEF50-0C12-4C34-A118-A9EDA720A371}.Release|Any CPU.Build.0 = Release|Any CPU
		{D59589D8-6327-4CA7-AA14-03573ACDCCA4}.Debug|Any CPU.ActiveCfg = Debug|Any CPU
		{D59589D8-6327-4CA7-AA14-03573ACDCCA4}.Debug|Any CPU.Build.0 = Debug|Any CPU
		{D59589D8-6327-4CA7-AA14-03573ACDCCA4}.Release|Any CPU.ActiveCfg = Release|Any CPU
		{D59589D8-6327-4CA7-AA14-03573ACDCCA4}.Release|Any CPU.Build.0 = Release|Any CPU
		{D79F92AC-60A9-411F-A727-B2913B56CEDE}.Debug|Any CPU.ActiveCfg = Debug|Any CPU
		{D79F92AC-60A9-411F-A727-B2913B56CEDE}.Debug|Any CPU.Build.0 = Debug|Any CPU
		{D79F92AC-60A9-411F-A727-B2913B56CEDE}.Release|Any CPU.ActiveCfg = Release|Any CPU
		{D79F92AC-60A9-411F-A727-B2913B56CEDE}.Release|Any CPU.Build.0 = Release|Any CPU
		{4A0EA1D5-5821-45C2-8C10-A7A1E1E0C670}.Debug|Any CPU.ActiveCfg = Debug|Any CPU
		{4A0EA1D5-5821-45C2-8C10-A7A1E1E0C670}.Debug|Any CPU.Build.0 = Debug|Any CPU
		{4A0EA1D5-5821-45C2-8C10-A7A1E1E0C670}.Release|Any CPU.ActiveCfg = Release|Any CPU
		{4A0EA1D5-5821-45C2-8C10-A7A1E1E0C670}.Release|Any CPU.Build.0 = Release|Any CPU
		{72B3622F-DFD9-4332-9F3B-2E2AB992F570}.Debug|Any CPU.ActiveCfg = Debug|Any CPU
		{72B3622F-DFD9-4332-9F3B-2E2AB992F570}.Debug|Any CPU.Build.0 = Debug|Any CPU
		{72B3622F-DFD9-4332-9F3B-2E2AB992F570}.Release|Any CPU.ActiveCfg = Release|Any CPU
		{72B3622F-DFD9-4332-9F3B-2E2AB992F570}.Release|Any CPU.Build.0 = Release|Any CPU
		{83286412-D417-470B-BE3B-FEAFC48FCD85}.Debug|Any CPU.ActiveCfg = Debug|Any CPU
		{83286412-D417-470B-BE3B-FEAFC48FCD85}.Debug|Any CPU.Build.0 = Debug|Any CPU
		{83286412-D417-470B-BE3B-FEAFC48FCD85}.Release|Any CPU.ActiveCfg = Release|Any CPU
		{83286412-D417-470B-BE3B-FEAFC48FCD85}.Release|Any CPU.Build.0 = Release|Any CPU
		{5016EDC4-40A7-4B73-8263-4B4925EEE8FC}.Debug|Any CPU.ActiveCfg = Debug|Any CPU
		{5016EDC4-40A7-4B73-8263-4B4925EEE8FC}.Debug|Any CPU.Build.0 = Debug|Any CPU
		{5016EDC4-40A7-4B73-8263-4B4925EEE8FC}.Release|Any CPU.ActiveCfg = Release|Any CPU
		{5016EDC4-40A7-4B73-8263-4B4925EEE8FC}.Release|Any CPU.Build.0 = Release|Any CPU
		{FE5FA35D-FB46-46A4-A712-603495F19F6A}.Debug|Any CPU.ActiveCfg = Debug|Any CPU
		{FE5FA35D-FB46-46A4-A712-603495F19F6A}.Debug|Any CPU.Build.0 = Debug|Any CPU
		{FE5FA35D-FB46-46A4-A712-603495F19F6A}.Release|Any CPU.ActiveCfg = Release|Any CPU
		{FE5FA35D-FB46-46A4-A712-603495F19F6A}.Release|Any CPU.Build.0 = Release|Any CPU
		{E48A8B7B-32B7-4FAB-8793-8FF64236F19B}.Debug|Any CPU.ActiveCfg = Debug|Any CPU
		{E48A8B7B-32B7-4FAB-8793-8FF64236F19B}.Debug|Any CPU.Build.0 = Debug|Any CPU
		{E48A8B7B-32B7-4FAB-8793-8FF64236F19B}.Release|Any CPU.ActiveCfg = Release|Any CPU
		{E48A8B7B-32B7-4FAB-8793-8FF64236F19B}.Release|Any CPU.Build.0 = Release|Any CPU
		{62DCE2D0-A6A0-4FBE-9798-EE49635499B7}.Debug|Any CPU.ActiveCfg = Debug|Any CPU
		{62DCE2D0-A6A0-4FBE-9798-EE49635499B7}.Debug|Any CPU.Build.0 = Debug|Any CPU
		{62DCE2D0-A6A0-4FBE-9798-EE49635499B7}.Release|Any CPU.ActiveCfg = Release|Any CPU
		{62DCE2D0-A6A0-4FBE-9798-EE49635499B7}.Release|Any CPU.Build.0 = Release|Any CPU
		{2CD09ED9-DD03-4C46-A957-C29E9BDF4364}.Debug|Any CPU.ActiveCfg = Debug|Any CPU
		{2CD09ED9-DD03-4C46-A957-C29E9BDF4364}.Debug|Any CPU.Build.0 = Debug|Any CPU
		{2CD09ED9-DD03-4C46-A957-C29E9BDF4364}.Release|Any CPU.ActiveCfg = Release|Any CPU
		{2CD09ED9-DD03-4C46-A957-C29E9BDF4364}.Release|Any CPU.Build.0 = Release|Any CPU
		{D42FA2D5-7FED-4A4A-B092-F96BA1C172DC}.Debug|Any CPU.ActiveCfg = Debug|Any CPU
		{D42FA2D5-7FED-4A4A-B092-F96BA1C172DC}.Debug|Any CPU.Build.0 = Debug|Any CPU
		{D42FA2D5-7FED-4A4A-B092-F96BA1C172DC}.Release|Any CPU.ActiveCfg = Release|Any CPU
		{D42FA2D5-7FED-4A4A-B092-F96BA1C172DC}.Release|Any CPU.Build.0 = Release|Any CPU
		{A71FFB76-B8DE-469B-985E-B9410BE44903}.Debug|Any CPU.ActiveCfg = Debug|Any CPU
		{A71FFB76-B8DE-469B-985E-B9410BE44903}.Debug|Any CPU.Build.0 = Debug|Any CPU
		{A71FFB76-B8DE-469B-985E-B9410BE44903}.Release|Any CPU.ActiveCfg = Release|Any CPU
		{A71FFB76-B8DE-469B-985E-B9410BE44903}.Release|Any CPU.Build.0 = Release|Any CPU
		{5E6F48FB-B235-4A26-B185-F489B84BEA70}.Debug|Any CPU.ActiveCfg = Debug|Any CPU
		{5E6F48FB-B235-4A26-B185-F489B84BEA70}.Debug|Any CPU.Build.0 = Debug|Any CPU
		{5E6F48FB-B235-4A26-B185-F489B84BEA70}.Release|Any CPU.ActiveCfg = Release|Any CPU
		{5E6F48FB-B235-4A26-B185-F489B84BEA70}.Release|Any CPU.Build.0 = Release|Any CPU
		{0F909073-9D8F-4853-A75C-80EA8F9A2DE9}.Debug|Any CPU.ActiveCfg = Debug|Any CPU
		{0F909073-9D8F-4853-A75C-80EA8F9A2DE9}.Debug|Any CPU.Build.0 = Debug|Any CPU
		{0F909073-9D8F-4853-A75C-80EA8F9A2DE9}.Release|Any CPU.ActiveCfg = Release|Any CPU
		{0F909073-9D8F-4853-A75C-80EA8F9A2DE9}.Release|Any CPU.Build.0 = Release|Any CPU
		{BB778D0D-7B30-403D-9C7C-F3EE098F3ADA}.Debug|Any CPU.ActiveCfg = Debug|Any CPU
		{BB778D0D-7B30-403D-9C7C-F3EE098F3ADA}.Debug|Any CPU.Build.0 = Debug|Any CPU
		{BB778D0D-7B30-403D-9C7C-F3EE098F3ADA}.Release|Any CPU.ActiveCfg = Release|Any CPU
		{BB778D0D-7B30-403D-9C7C-F3EE098F3ADA}.Release|Any CPU.Build.0 = Release|Any CPU
		{BBEA7520-8036-478E-A0F6-3C60B212172A}.Debug|Any CPU.ActiveCfg = Debug|Any CPU
		{BBEA7520-8036-478E-A0F6-3C60B212172A}.Debug|Any CPU.Build.0 = Debug|Any CPU
		{BBEA7520-8036-478E-A0F6-3C60B212172A}.Release|Any CPU.ActiveCfg = Release|Any CPU
		{BBEA7520-8036-478E-A0F6-3C60B212172A}.Release|Any CPU.Build.0 = Release|Any CPU
		{FA256725-10EE-4E6F-9F99-6E86FA87B586}.Debug|Any CPU.ActiveCfg = Debug|Any CPU
		{FA256725-10EE-4E6F-9F99-6E86FA87B586}.Debug|Any CPU.Build.0 = Debug|Any CPU
		{FA256725-10EE-4E6F-9F99-6E86FA87B586}.Release|Any CPU.ActiveCfg = Release|Any CPU
		{FA256725-10EE-4E6F-9F99-6E86FA87B586}.Release|Any CPU.Build.0 = Release|Any CPU
		{1E121A7B-F79E-485A-BB51-D6651F6811DE}.Debug|Any CPU.ActiveCfg = Debug|Any CPU
		{1E121A7B-F79E-485A-BB51-D6651F6811DE}.Debug|Any CPU.Build.0 = Debug|Any CPU
		{1E121A7B-F79E-485A-BB51-D6651F6811DE}.Release|Any CPU.ActiveCfg = Release|Any CPU
		{1E121A7B-F79E-485A-BB51-D6651F6811DE}.Release|Any CPU.Build.0 = Release|Any CPU
		{663C5A81-0D2F-43AB-8114-21BCC08CD535}.Debug|Any CPU.ActiveCfg = Debug|Any CPU
		{663C5A81-0D2F-43AB-8114-21BCC08CD535}.Debug|Any CPU.Build.0 = Debug|Any CPU
		{663C5A81-0D2F-43AB-8114-21BCC08CD535}.Release|Any CPU.ActiveCfg = Release|Any CPU
		{663C5A81-0D2F-43AB-8114-21BCC08CD535}.Release|Any CPU.Build.0 = Release|Any CPU
		{E597E82D-C525-4D98-AC58-F8C508F3CFEB}.Debug|Any CPU.ActiveCfg = Debug|Any CPU
		{E597E82D-C525-4D98-AC58-F8C508F3CFEB}.Debug|Any CPU.Build.0 = Debug|Any CPU
		{E597E82D-C525-4D98-AC58-F8C508F3CFEB}.Release|Any CPU.ActiveCfg = Release|Any CPU
		{E597E82D-C525-4D98-AC58-F8C508F3CFEB}.Release|Any CPU.Build.0 = Release|Any CPU
		{6B71634A-CC3B-4A84-A941-18E73D486732}.Debug|Any CPU.ActiveCfg = Debug|Any CPU
		{6B71634A-CC3B-4A84-A941-18E73D486732}.Debug|Any CPU.Build.0 = Debug|Any CPU
		{6B71634A-CC3B-4A84-A941-18E73D486732}.Release|Any CPU.ActiveCfg = Release|Any CPU
		{6B71634A-CC3B-4A84-A941-18E73D486732}.Release|Any CPU.Build.0 = Release|Any CPU
		{A9EC979B-54F7-4BAA-AB1A-98283DAE9EB0}.Debug|Any CPU.ActiveCfg = Debug|Any CPU
		{A9EC979B-54F7-4BAA-AB1A-98283DAE9EB0}.Debug|Any CPU.Build.0 = Debug|Any CPU
		{A9EC979B-54F7-4BAA-AB1A-98283DAE9EB0}.Release|Any CPU.ActiveCfg = Release|Any CPU
		{A9EC979B-54F7-4BAA-AB1A-98283DAE9EB0}.Release|Any CPU.Build.0 = Release|Any CPU
	EndGlobalSection
	GlobalSection(SolutionProperties) = preSolution
		HideSolutionNode = FALSE
	EndGlobalSection
	GlobalSection(ExtensibilityGlobals) = postSolution
		SolutionGuid = {3BEC4E67-2274-4531-86C1-3DA0B90A5A81}
	EndGlobalSection
EndGlobal
